Microsoft Visual Studio Solution File, Format Version 12.00
# Visual Studio Version 17
VisualStudioVersion = 17.0.31903.59
MinimumVisualStudioVersion = 10.0.40219.1
Project("{FAE04EC0-301F-11D3-BF4B-00C04F79EFBC}") = "FreeCamManager.Core", "FreeCamManager.Core\FreeCamManager.Core.csproj", "{7B88E4F7-ED03-4F5C-A86C-8A8BE1C3D101}"
EndProject
Project("{FAE04EC0-301F-11D3-BF4B-00C04F79EFBC}") = "FreeCamManager", "FreeCamManager\FreeCamManager.csproj", "{D64638A1-7ADB-4E76-9DD9-CFB3E6A22902}"
EndProject
Project("{FAE04EC0-301F-11D3-BF4B-00C04F79EFBC}") = "FreeCamManager.Tests", "FreeCamManager.Tests\FreeCamManager.Tests.csproj", "{D72DC9D2-6E1B-419A-B7D7-17A7B540A803}"
EndProject
Project("{FAE04EC0-301F-11D3-BF4B-00C04F79EFBC}") = "FreeCamManager.SQLiteMigration.Core", "FreeCamManager.SQLiteMigration.Core\FreeCamManager.SQLiteMigration.Core.csproj", "{A14129D5-593A-4CA6-AE55-93A17A02A4C1}"
EndProject
Project("{FAE04EC0-301F-11D3-BF4B-00C04F79EFBC}") = "FreeCamManager.SQLiteMigration.Tests", "FreeCamManager.SQLiteMigration.Tests\FreeCamManager.SQLiteMigration.Tests.csproj", "{B8B3EC00-0FA5-4EA2-9767-BC9367B61D21}"
EndProject
Project("{FAE04EC0-301F-11D3-BF4B-00C04F79EFBC}") = "FreeCamManager.V38Rollback", "FreeCamManager.V38Rollback\FreeCamManager.V38Rollback.csproj", "{C3906651-3B28-4B71-AB5C-850F10C403B7}"
EndProject
Global
  GlobalSection(SolutionConfigurationPlatforms) = preSolution
    Debug|Any CPU = Debug|Any CPU
    Release|Any CPU = Release|Any CPU
  EndGlobalSection
  GlobalSection(ProjectConfigurationPlatforms) = postSolution
    {7B88E4F7-ED03-4F5C-A86C-8A8BE1C3D101}.Debug|Any CPU.ActiveCfg = Debug|Any CPU
    {7B88E4F7-ED03-4F5C-A86C-8A8BE1C3D101}.Debug|Any CPU.Build.0 = Debug|Any CPU
    {7B88E4F7-ED03-4F5C-A86C-8A8BE1C3D101}.Release|Any CPU.ActiveCfg = Release|Any CPU
    {7B88E4F7-ED03-4F5C-A86C-8A8BE1C3D101}.Release|Any CPU.Build.0 = Release|Any CPU
    {D64638A1-7ADB-4E76-9DD9-CFB3E6A22902}.Debug|Any CPU.ActiveCfg = Debug|Any CPU
    {D64638A1-7ADB-4E76-9DD9-CFB3E6A22902}.Debug|Any CPU.Build.0 = Debug|Any CPU
    {D64638A1-7ADB-4E76-9DD9-CFB3E6A22902}.Release|Any CPU.ActiveCfg = Release|Any CPU
    {D64638A1-7ADB-4E76-9DD9-CFB3E6A22902}.Release|Any CPU.Build.0 = Release|Any CPU
    {D72DC9D2-6E1B-419A-B7D7-17A7B540A803}.Debug|Any CPU.ActiveCfg = Debug|Any CPU
    {D72DC9D2-6E1B-419A-B7D7-17A7B540A803}.Debug|Any CPU.Build.0 = Debug|Any CPU
    {D72DC9D2-6E1B-419A-B7D7-17A7B540A803}.Release|Any CPU.ActiveCfg = Release|Any CPU
    {D72DC9D2-6E1B-419A-B7D7-17A7B540A803}.Release|Any CPU.Build.0 = Release|Any CPU
    {A14129D5-593A-4CA6-AE55-93A17A02A4C1}.Debug|Any CPU.ActiveCfg = Debug|Any CPU
    {A14129D5-593A-4CA6-AE55-93A17A02A4C1}.Debug|Any CPU.Build.0 = Debug|Any CPU
    {A14129D5-593A-4CA6-AE55-93A17A02A4C1}.Release|Any CPU.ActiveCfg = Release|Any CPU
    {A14129D5-593A-4CA6-AE55-93A17A02A4C1}.Release|Any CPU.Build.0 = Release|Any CPU
    {B8B3EC00-0FA5-4EA2-9767-BC9367B61D21}.Debug|Any CPU.ActiveCfg = Debug|Any CPU
    {B8B3EC00-0FA5-4EA2-9767-BC9367B61D21}.Debug|Any CPU.Build.0 = Debug|Any CPU
    {B8B3EC00-0FA5-4EA2-9767-BC9367B61D21}.Release|Any CPU.ActiveCfg = Release|Any CPU
    {B8B3EC00-0FA5-4EA2-9767-BC9367B61D21}.Release|Any CPU.Build.0 = Release|Any CPU
    {C3906651-3B28-4B71-AB5C-850F10C403B7}.Debug|Any CPU.ActiveCfg = Debug|Any CPU
    {C3906651-3B28-4B71-AB5C-850F10C403B7}.Debug|Any CPU.Build.0 = Debug|Any CPU
    {C3906651-3B28-4B71-AB5C-850F10C403B7}.Release|Any CPU.ActiveCfg = Release|Any CPU
    {C3906651-3B28-4B71-AB5C-850F10C403B7}.Release|Any CPU.Build.0 = Release|Any CPU
  EndGlobalSection
EndGlobal
